
Microsoft Visual Studio Solution File, Format Version 11.00
# Visual C# Express 2010
Project("{FAE04EC0-301F-11D3-BF4B-00C04F79EFBC}") = "FlyLow3", "FlyLow3\FlyLow3\FlyLow3.csproj", "{A7CCC9E7-0556-4571-A47B-788D3830D55A}"
EndProject
Project("{96E2B04D-8817-42C6-938A-82C39BA4D311}") = "FlyLow3Content", "FlyLow3\FlyLow3Content\FlyLow3Content.contentproj", "{122CABA5-5C75-47D4-80E4-454BFE4CD6C7}"
EndProject
Global
	GlobalSection(SolutionConfigurationPlatforms) = preSolution
		Debug|x86 = Debug|x86
		Release|x86 = Release|x86
	EndGlobalSection
	GlobalSection(ProjectConfigurationPlatforms) = postSolution
		{A7CCC9E7-0556-4571-A47B-788D3830D55A}.Debug|x86.ActiveCfg = Debug|x86
		{A7CCC9E7-0556-4571-A47B-788D3830D55A}.Debug|x86.Build.0 = Debug|x86
		{A7CCC9E7-0556-4571-A47B-788D3830D55A}.Release|x86.ActiveCfg = Release|x86
		{A7CCC9E7-0556-4571-A47B-788D3830D55A}.Release|x86.Build.0 = Release|x86
		{122CABA5-5C75-47D4-80E4-454BFE4CD6C7}.Debug|x86.ActiveCfg = Debug|x86
		{122CABA5-5C75-47D4-80E4-454BFE4CD6C7}.Release|x86.ActiveCfg = Release|x86
	EndGlobalSection
	GlobalSection(SolutionProperties) = preSolution
		HideSolutionNode = FALSE
	EndGlobalSection
EndGlobal
